
Microsoft Visual Studio Solution File, Format Version 12.00
# Visual Studio Version 17
VisualStudioVersion = 17.14.36705.20 d17.14
MinimumVisualStudioVersion = 10.0.40219.1
Project("{FAE04EC0-301F-11D3-BF4B-00C04F79EFBC}") = "MoonsecDeobfuscator", "MoonsecDeobfuscator.csproj", "{9C5F7678-617D-4024-BB68-8C64DE6FF97F}"
EndProject
Global
	GlobalSection(SolutionConfigurationPlatforms) = preSolution
		Debug|Any CPU = Debug|Any CPU
		Release|Any CPU = Release|Any CPU
	EndGlobalSection
	GlobalSection(ProjectConfigurationPlatforms) = postSolution
		{9C5F7678-617D-4024-BB68-8C64DE6FF97F}.Debug|Any CPU.ActiveCfg = Debug|Any CPU
		{9C5F7678-617D-4024-BB68-8C64DE6FF97F}.Debug|Any CPU.Build.0 = Debug|Any CPU
		{9C5F7678-617D-4024-BB68-8C64DE6FF97F}.Release|Any CPU.ActiveCfg = Release|Any CPU
		{9C5F7678-617D-4024-BB68-8C64DE6FF97F}.Release|Any CPU.Build.0 = Release|Any CPU
	EndGlobalSection
	GlobalSection(SolutionProperties) = preSolution
		HideSolutionNode = FALSE
	EndGlobalSection
	GlobalSection(ExtensibilityGlobals) = postSolution
		SolutionGuid = {4ED42D1F-1B4B-4B22-91AB-890F2C631550}
	EndGlobalSection
EndGlobal
